
Microsoft Visual Studio Solution File, Format Version 12.00
# Visual Studio Version 17
VisualStudioVersion = 17.0.31903.59
MinimumVisualStudioVersion = 10.0.40219.1
Project("{2150E333-8FDC-42A3-9474-1A3956D46DE8}") = "src", "src", "{827E0CD3-B72D-47B6-A68D-7590B98EB39B}"
EndProject
Project("{2150E333-8FDC-42A3-9474-1A3956D46DE8}") = "Api", "Api", "{81034408-37C8-1011-444E-4C15C2FADA8E}"
EndProject
Project("{FAE04EC0-301F-11D3-BF4B-00C04F79EFBC}") = "SquadCrm.Api", "src\Api\SquadCrm.Api\SquadCrm.Api.csproj", "{06A6A8A8-54C7-4571-BD07-728D1F3287D9}"
EndProject
Project("{2150E333-8FDC-42A3-9474-1A3956D46DE8}") = "BuildingBlocks", "BuildingBlocks", "{90298CBA-BD6F-3A0A-69D5-97CAD7B05E7E}"
EndProject
Project("{FAE04EC0-301F-11D3-BF4B-00C04F79EFBC}") = "SquadCrm.BuildingBlocks", "src\BuildingBlocks\SquadCrm.BuildingBlocks\SquadCrm.BuildingBlocks.csproj", "{CD120A41-5B5C-4329-B65A-2C3E514A0FF3}"
EndProject
Project("{2150E333-8FDC-42A3-9474-1A3956D46DE8}") = "Modules", "Modules", "{EC447DCF-ABFA-6E24-52A5-D7FD48A5C558}"
EndProject
Project("{2150E333-8FDC-42A3-9474-1A3956D46DE8}") = "ArchitectureFixture", "ArchitectureFixture", "{520777B0-A41D-EDFB-3DE7-765D2AFF1566}"
EndProject
Project("{FAE04EC0-301F-11D3-BF4B-00C04F79EFBC}") = "SquadCrm.Modules.ArchitectureFixture.Contracts", "src\Modules\ArchitectureFixture\SquadCrm.Modules.ArchitectureFixture.Contracts\SquadCrm.Modules.ArchitectureFixture.Contracts.csproj", "{CC933940-3D62-47AB-855F-24BDE1327C41}"
EndProject
Project("{FAE04EC0-301F-11D3-BF4B-00C04F79EFBC}") = "SquadCrm.Modules.ArchitectureFixture", "src\Modules\ArchitectureFixture\SquadCrm.Modules.ArchitectureFixture\SquadCrm.Modules.ArchitectureFixture.csproj", "{2B367DA5-8C70-4B3F-9108-6520367E570C}"
EndProject
Project("{2150E333-8FDC-42A3-9474-1A3956D46DE8}") = "tests", "tests", "{0AB3BF05-4346-4AA6-1389-037BE0695223}"
EndProject
Project("{FAE04EC0-301F-11D3-BF4B-00C04F79EFBC}") = "SquadCrm.ArchitectureTests", "tests\SquadCrm.ArchitectureTests\SquadCrm.ArchitectureTests.csproj", "{E1D991F3-DE90-4D4F-BDCE-CB7222036B74}"
EndProject
Project("{FAE04EC0-301F-11D3-BF4B-00C04F79EFBC}") = "SquadCrm.Api.Tests", "tests\SquadCrm.Api.Tests\SquadCrm.Api.Tests.csproj", "{0873D296-7104-4A3C-BB8B-0A946D641076}"
EndProject
Project("{2150E333-8FDC-42A3-9474-1A3956D46DE8}") = "Infrastructure", "Infrastructure", "{9048EB7F-3875-A59E-E36B-5BD4C6F2A282}"
EndProject
Project("{FAE04EC0-301F-11D3-BF4B-00C04F79EFBC}") = "SquadCrm.Infrastructure.Postgres", "src\Infrastructure\SquadCrm.Infrastructure.Postgres\SquadCrm.Infrastructure.Postgres.csproj", "{BE946F67-AE9F-42EF-9F19-24EA1E78A391}"
EndProject
Project("{FAE04EC0-301F-11D3-BF4B-00C04F79EFBC}") = "SquadCrm.Persistence.IntegrationTests", "tests\SquadCrm.Persistence.IntegrationTests\SquadCrm.Persistence.IntegrationTests.csproj", "{89D755B0-57A4-4796-A366-7B05D6774B5D}"
EndProject
Project("{2150E333-8FDC-42A3-9474-1A3956D46DE8}") = "BuildingBlocks", "BuildingBlocks", "{7266C4A9-E384-DC00-0EB6-47F6002CFBA7}"
EndProject
Project("{FAE04EC0-301F-11D3-BF4B-00C04F79EFBC}") = "SquadCrm.BuildingBlocks.Abstractions", "src\BuildingBlocks\SquadCrm.BuildingBlocks.Abstractions\SquadCrm.BuildingBlocks.Abstractions.csproj", "{3E5DE2E8-F7D9-42BC-BE26-2A9C2D61C540}"
EndProject
Project("{FAE04EC0-301F-11D3-BF4B-00C04F79EFBC}") = "SquadCrm.Infrastructure.FileStorage", "src\Infrastructure\SquadCrm.Infrastructure.FileStorage\SquadCrm.Infrastructure.FileStorage.csproj", "{0E47B08E-FF69-49AF-90DA-709B3FDEAF3F}"
EndProject
Project("{FAE04EC0-301F-11D3-BF4B-00C04F79EFBC}") = "SquadCrm.UnitTests", "tests\SquadCrm.UnitTests\SquadCrm.UnitTests.csproj", "{E64D60F5-5948-427A-A1FC-C9E404C5C62A}"
EndProject
Project("{2150E333-8FDC-42A3-9474-1A3956D46DE8}") = "StaffIdentity", "StaffIdentity", "{37FC5B9B-80E1-FD49-97A3-5E18FA2B6A20}"
EndProject
Project("{FAE04EC0-301F-11D3-BF4B-00C04F79EFBC}") = "SquadCrm.Modules.StaffIdentity", "src\Modules\StaffIdentity\SquadCrm.Modules.StaffIdentity\SquadCrm.Modules.StaffIdentity.csproj", "{758F44A9-B638-4949-828E-E8CF7AE9AE38}"
EndProject
Global
	GlobalSection(SolutionConfigurationPlatforms) = preSolution
		Debug|Any CPU = Debug|Any CPU
		Debug|x64 = Debug|x64
		Debug|x86 = Debug|x86
		Release|Any CPU = Release|Any CPU
		Release|x64 = Release|x64
		Release|x86 = Release|x86
	EndGlobalSection
	GlobalSection(ProjectConfigurationPlatforms) = postSolution
		{06A6A8A8-54C7-4571-BD07-728D1F3287D9}.Debug|Any CPU.ActiveCfg = Debug|Any CPU
		{06A6A8A8-54C7-4571-BD07-728D1F3287D9}.Debug|Any CPU.Build.0 = Debug|Any CPU
		{06A6A8A8-54C7-4571-BD07-728D1F3287D9}.Debug|x64.ActiveCfg = Debug|Any CPU
		{06A6A8A8-54C7-4571-BD07-728D1F3287D9}.Debug|x64.Build.0 = Debug|Any CPU
		{06A6A8A8-54C7-4571-BD07-728D1F3287D9}.Debug|x86.ActiveCfg = Debug|Any CPU
		{06A6A8A8-54C7-4571-BD07-728D1F3287D9}.Debug|x86.Build.0 = Debug|Any CPU
		{06A6A8A8-54C7-4571-BD07-728D1F3287D9}.Release|Any CPU.ActiveCfg = Release|Any CPU
		{06A6A8A8-54C7-4571-BD07-728D1F3287D9}.Release|Any CPU.Build.0 = Release|Any CPU
		{06A6A8A8-54C7-4571-BD07-728D1F3287D9}.Release|x64.ActiveCfg = Release|Any CPU
		{06A6A8A8-54C7-4571-BD07-728D1F3287D9}.Release|x64.Build.0 = Release|Any CPU
		{06A6A8A8-54C7-4571-BD07-728D1F3287D9}.Release|x86.ActiveCfg = Release|Any CPU
		{06A6A8A8-54C7-4571-BD07-728D1F3287D9}.Release|x86.Build.0 = Release|Any CPU
		{CD120A41-5B5C-4329-B65A-2C3E514A0FF3}.Debug|Any CPU.ActiveCfg = Debug|Any CPU
		{CD120A41-5B5C-4329-B65A-2C3E514A0FF3}.Debug|Any CPU.Build.0 = Debug|Any CPU
		{CD120A41-5B5C-4329-B65A-2C3E514A0FF3}.Debug|x64.ActiveCfg = Debug|Any CPU
		{CD120A41-5B5C-4329-B65A-2C3E514A0FF3}.Debug|x64.Build.0 = Debug|Any CPU
		{CD120A41-5B5C-4329-B65A-2C3E514A0FF3}.Debug|x86.ActiveCfg = Debug|Any CPU
		{CD120A41-5B5C-4329-B65A-2C3E514A0FF3}.Debug|x86.Build.0 = Debug|Any CPU
		{CD120A41-5B5C-4329-B65A-2C3E514A0FF3}.Release|Any CPU.ActiveCfg = Release|Any CPU
		{CD120A41-5B5C-4329-B65A-2C3E514A0FF3}.Release|Any CPU.Build.0 = Release|Any CPU
		{CD120A41-5B5C-4329-B65A-2C3E514A0FF3}.Release|x64.ActiveCfg = Release|Any CPU
		{CD120A41-5B5C-4329-B65A-2C3E514A0FF3}.Release|x64.Build.0 = Release|Any CPU
		{CD120A41-5B5C-4329-B65A-2C3E514A0FF3}.Release|x86.ActiveCfg = Release|Any CPU
		{CD120A41-5B5C-4329-B65A-2C3E514A0FF3}.Release|x86.Build.0 = Release|Any CPU
		{CC933940-3D62-47AB-855F-24BDE1327C41}.Debug|Any CPU.ActiveCfg = Debug|Any CPU
		{CC933940-3D62-47AB-855F-24BDE1327C41}.Debug|Any CPU.Build.0 = Debug|Any CPU
		{CC933940-3D62-47AB-855F-24BDE1327C41}.Debug|x64.ActiveCfg = Debug|Any CPU
		{CC933940-3D62-47AB-855F-24BDE1327C41}.Debug|x64.Build.0 = Debug|Any CPU
		{CC933940-3D62-47AB-855F-24BDE1327C41}.Debug|x86.ActiveCfg = Debug|Any CPU
		{CC933940-3D62-47AB-855F-24BDE1327C41}.Debug|x86.Build.0 = Debug|Any CPU
		{CC933940-3D62-47AB-855F-24BDE1327C41}.Release|Any CPU.ActiveCfg = Release|Any CPU
		{CC933940-3D62-47AB-855F-24BDE1327C41}.Release|Any CPU.Build.0 = Release|Any CPU
		{CC933940-3D62-47AB-855F-24BDE1327C41}.Release|x64.ActiveCfg = Release|Any CPU
		{CC933940-3D62-47AB-855F-24BDE1327C41}.Release|x64.Build.0 = Release|Any CPU
		{CC933940-3D62-47AB-855F-24BDE1327C41}.Release|x86.ActiveCfg = Release|Any CPU
		{CC933940-3D62-47AB-855F-24BDE1327C41}.Release|x86.Build.0 = Release|Any CPU
		{2B367DA5-8C70-4B3F-9108-6520367E570C}.Debug|Any CPU.ActiveCfg = Debug|Any CPU
		{2B367DA5-8C70-4B3F-9108-6520367E570C}.Debug|Any CPU.Build.0 = Debug|Any CPU
		{2B367DA5-8C70-4B3F-9108-6520367E570C}.Debug|x64.ActiveCfg = Debug|Any CPU
		{2B367DA5-8C70-4B3F-9108-6520367E570C}.Debug|x64.Build.0 = Debug|Any CPU
		{2B367DA5-8C70-4B3F-9108-6520367E570C}.Debug|x86.ActiveCfg = Debug|Any CPU
		{2B367DA5-8C70-4B3F-9108-6520367E570C}.Debug|x86.Build.0 = Debug|Any CPU
		{2B367DA5-8C70-4B3F-9108-6520367E570C}.Release|Any CPU.ActiveCfg = Release|Any CPU
		{2B367DA5-8C70-4B3F-9108-6520367E570C}.Release|Any CPU.Build.0 = Release|Any CPU
		{2B367DA5-8C70-4B3F-9108-6520367E570C}.Release|x64.ActiveCfg = Release|Any CPU
		{2B367DA5-8C70-4B3F-9108-6520367E570C}.Release|x64.Build.0 = Release|Any CPU
		{2B367DA5-8C70-4B3F-9108-6520367E570C}.Release|x86.ActiveCfg = Release|Any CPU
		{2B367DA5-8C70-4B3F-9108-6520367E570C}.Release|x86.Build.0 = Release|Any CPU
		{E1D991F3-DE90-4D4F-BDCE-CB7222036B74}.Debug|Any CPU.ActiveCfg = Debug|Any CPU
		{E1D991F3-DE90-4D4F-BDCE-CB7222036B74}.Debug|Any CPU.Build.0 = Debug|Any CPU
		{E1D991F3-DE90-4D4F-BDCE-CB7222036B74}.Debug|x64.ActiveCfg = Debug|Any CPU
		{E1D991F3-DE90-4D4F-BDCE-CB7222036B74}.Debug|x64.Build.0 = Debug|Any CPU
		{E1D991F3-DE90-4D4F-BDCE-CB7222036B74}.Debug|x86.ActiveCfg = Debug|Any CPU
		{E1D991F3-DE90-4D4F-BDCE-CB7222036B74}.Debug|x86.Build.0 = Debug|Any CPU
		{E1D991F3-DE90-4D4F-BDCE-CB7222036B74}.Release|Any CPU.ActiveCfg = Release|Any CPU
		{E1D991F3-DE90-4D4F-BDCE-CB7222036B74}.Release|Any CPU.Build.0 = Release|Any CPU
		{E1D991F3-DE90-4D4F-BDCE-CB7222036B74}.Release|x64.ActiveCfg = Release|Any CPU
		{E1D991F3-DE90-4D4F-BDCE-CB7222036B74}.Release|x64.Build.0 = Release|Any CPU
		{E1D991F3-DE90-4D4F-BDCE-CB7222036B74}.Release|x86.ActiveCfg = Release|Any CPU
		{E1D991F3-DE90-4D4F-BDCE-CB7222036B74}.Release|x86.Build.0 = Release|Any CPU
		{0873D296-7104-4A3C-BB8B-0A946D641076}.Debug|Any CPU.ActiveCfg = Debug|Any CPU
		{0873D296-7104-4A3C-BB8B-0A946D641076}.Debug|Any CPU.Build.0 = Debug|Any CPU
		{0873D296-7104-4A3C-BB8B-0A946D641076}.Debug|x64.ActiveCfg = Debug|Any CPU
		{0873D296-7104-4A3C-BB8B-0A946D641076}.Debug|x64.Build.0 = Debug|Any CPU
		{0873D296-7104-4A3C-BB8B-0A946D641076}.Debug|x86.ActiveCfg = Debug|Any CPU
		{0873D296-7104-4A3C-BB8B-0A946D641076}.Debug|x86.Build.0 = Debug|Any CPU
		{0873D296-7104-4A3C-BB8B-0A946D641076}.Release|Any CPU.ActiveCfg = Release|Any CPU
		{0873D296-7104-4A3C-BB8B-0A946D641076}.Release|Any CPU.Build.0 = Release|Any CPU
		{0873D296-7104-4A3C-BB8B-0A946D641076}.Release|x64.ActiveCfg = Release|Any CPU
		{0873D296-7104-4A3C-BB8B-0A946D641076}.Release|x64.Build.0 = Release|Any CPU
		{0873D296-7104-4A3C-BB8B-0A946D641076}.Release|x86.ActiveCfg = Release|Any CPU
		{0873D296-7104-4A3C-BB8B-0A946D641076}.Release|x86.Build.0 = Release|Any CPU
		{BE946F67-AE9F-42EF-9F19-24EA1E78A391}.Debug|Any CPU.ActiveCfg = Debug|Any CPU
		{BE946F67-AE9F-42EF-9F19-24EA1E78A391}.Debug|Any CPU.Build.0 = Debug|Any CPU
		{BE946F67-AE9F-42EF-9F19-24EA1E78A391}.Debug|x64.ActiveCfg = Debug|Any CPU
		{BE946F67-AE9F-42EF-9F19-24EA1E78A391}.Debug|x64.Build.0 = Debug|Any CPU
		{BE946F67-AE9F-42EF-9F19-24EA1E78A391}.Debug|x86.ActiveCfg = Debug|Any CPU
		{BE946F67-AE9F-42EF-9F19-24EA1E78A391}.Debug|x86.Build.0 = Debug|Any CPU
		{BE946F67-AE9F-42EF-9F19-24EA1E78A391}.Release|Any CPU.ActiveCfg = Release|Any CPU
		{BE946F67-AE9F-42EF-9F19-24EA1E78A391}.Release|Any CPU.Build.0 = Release|Any CPU
		{BE946F67-AE9F-42EF-9F19-24EA1E78A391}.Release|x64.ActiveCfg = Release|Any CPU
		{BE946F67-AE9F-42EF-9F19-24EA1E78A391}.Release|x64.Build.0 = Release|Any CPU
		{BE946F67-AE9F-42EF-9F19-24EA1E78A391}.Release|x86.ActiveCfg = Release|Any CPU
		{BE946F67-AE9F-42EF-9F19-24EA1E78A391}.Release|x86.Build.0 = Release|Any CPU
		{89D755B0-57A4-4796-A366-7B05D6774B5D}.Debug|Any CPU.ActiveCfg = Debug|Any CPU
		{89D755B0-57A4-4796-A366-7B05D6774B5D}.Debug|Any CPU.Build.0 = Debug|Any CPU
		{89D755B0-57A4-4796-A366-7B05D6774B5D}.Debug|x64.ActiveCfg = Debug|Any CPU
		{89D755B0-57A4-4796-A366-7B05D6774B5D}.Debug|x64.Build.0 = Debug|Any CPU
		{89D755B0-57A4-4796-A366-7B05D6774B5D}.Debug|x86.ActiveCfg = Debug|Any CPU
		{89D755B0-57A4-4796-A366-7B05D6774B5D}.Debug|x86.Build.0 = Debug|Any CPU
		{89D755B0-57A4-4796-A366-7B05D6774B5D}.Release|Any CPU.ActiveCfg = Release|Any CPU
		{89D755B0-57A4-4796-A366-7B05D6774B5D}.Release|Any CPU.Build.0 = Release|Any CPU
		{89D755B0-57A4-4796-A366-7B05D6774B5D}.Release|x64.ActiveCfg = Release|Any CPU
		{89D755B0-57A4-4796-A366-7B05D6774B5D}.Release|x64.Build.0 = Release|Any CPU
		{89D755B0-57A4-4796-A366-7B05D6774B5D}.Release|x86.ActiveCfg = Release|Any CPU
		{89D755B0-57A4-4796-A366-7B05D6774B5D}.Release|x86.Build.0 = Release|Any CPU
		{3E5DE2E8-F7D9-42BC-BE26-2A9C2D61C540}.Debug|Any CPU.ActiveCfg = Debug|Any CPU
		{3E5DE2E8-F7D9-42BC-BE26-2A9C2D61C540}.Debug|Any CPU.Build.0 = Debug|Any CPU
		{3E5DE2E8-F7D9-42BC-BE26-2A9C2D61C540}.Debug|x64.ActiveCfg = Debug|Any CPU
		{3E5DE2E8-F7D9-42BC-BE26-2A9C2D61C540}.Debug|x64.Build.0 = Debug|Any CPU
		{3E5DE2E8-F7D9-42BC-BE26-2A9C2D61C540}.Debug|x86.ActiveCfg = Debug|Any CPU
		{3E5DE2E8-F7D9-42BC-BE26-2A9C2D61C540}.Debug|x86.Build.0 = Debug|Any CPU
		{3E5DE2E8-F7D9-42BC-BE26-2A9C2D61C540}.Release|Any CPU.ActiveCfg = Release|Any CPU
		{3E5DE2E8-F7D9-42BC-BE26-2A9C2D61C540}.Release|Any CPU.Build.0 = Release|Any CPU
		{3E5DE2E8-F7D9-42BC-BE26-2A9C2D61C540}.Release|x64.ActiveCfg = Release|Any CPU
		{3E5DE2E8-F7D9-42BC-BE26-2A9C2D61C540}.Release|x64.Build.0 = Release|Any CPU
		{3E5DE2E8-F7D9-42BC-BE26-2A9C2D61C540}.Release|x86.ActiveCfg = Release|Any CPU
		{3E5DE2E8-F7D9-42BC-BE26-2A9C2D61C540}.Release|x86.Build.0 = Release|Any CPU
		{0E47B08E-FF69-49AF-90DA-709B3FDEAF3F}.Debug|Any CPU.ActiveCfg = Debug|Any CPU
		{0E47B08E-FF69-49AF-90DA-709B3FDEAF3F}.Debug|Any CPU.Build.0 = Debug|Any CPU
		{0E47B08E-FF69-49AF-90DA-709B3FDEAF3F}.Debug|x64.ActiveCfg = Debug|Any CPU
		{0E47B08E-FF69-49AF-90DA-709B3FDEAF3F}.Debug|x64.Build.0 = Debug|Any CPU
		{0E47B08E-FF69-49AF-90DA-709B3FDEAF3F}.Debug|x86.ActiveCfg = Debug|Any CPU
		{0E47B08E-FF69-49AF-90DA-709B3FDEAF3F}.Debug|x86.Build.0 = Debug|Any CPU
		{0E47B08E-FF69-49AF-90DA-709B3FDEAF3F}.Release|Any CPU.ActiveCfg = Release|Any CPU
		{0E47B08E-FF69-49AF-90DA-709B3FDEAF3F}.Release|Any CPU.Build.0 = Release|Any CPU
		{0E47B08E-FF69-49AF-90DA-709B3FDEAF3F}.Release|x64.ActiveCfg = Release|Any CPU
		{0E47B08E-FF69-49AF-90DA-709B3FDEAF3F}.Release|x64.Build.0 = Release|Any CPU
		{0E47B08E-FF69-49AF-90DA-709B3FDEAF3F}.Release|x86.ActiveCfg = Release|Any CPU
		{0E47B08E-FF69-49AF-90DA-709B3FDEAF3F}.Release|x86.Build.0 = Release|Any CPU
		{E64D60F5-5948-427A-A1FC-C9E404C5C62A}.Debug|Any CPU.ActiveCfg = Debug|Any CPU
		{E64D60F5-5948-427A-A1FC-C9E404C5C62A}.Debug|Any CPU.Build.0 = Debug|Any CPU
		{E64D60F5-5948-427A-A1FC-C9E404C5C62A}.Debug|x64.ActiveCfg = Debug|Any CPU
		{E64D60F5-5948-427A-A1FC-C9E404C5C62A}.Debug|x64.Build.0 = Debug|Any CPU
		{E64D60F5-5948-427A-A1FC-C9E404C5C62A}.Debug|x86.ActiveCfg = Debug|Any CPU
		{E64D60F5-5948-427A-A1FC-C9E404C5C62A}.Debug|x86.Build.0 = Debug|Any CPU
		{E64D60F5-5948-427A-A1FC-C9E404C5C62A}.Release|Any CPU.ActiveCfg = Release|Any CPU
		{E64D60F5-5948-427A-A1FC-C9E404C5C62A}.Release|Any CPU.Build.0 = Release|Any CPU
		{E64D60F5-5948-427A-A1FC-C9E404C5C62A}.Release|x64.ActiveCfg = Release|Any CPU
		{E64D60F5-5948-427A-A1FC-C9E404C5C62A}.Release|x64.Build.0 = Release|Any CPU
		{E64D60F5-5948-427A-A1FC-C9E404C5C62A}.Release|x86.ActiveCfg = Release|Any CPU
		{E64D60F5-5948-427A-A1FC-C9E404C5C62A}.Release|x86.Build.0 = Release|Any CPU
		{758F44A9-B638-4949-828E-E8CF7AE9AE38}.Debug|Any CPU.ActiveCfg = Debug|Any CPU
		{758F44A9-B638-4949-828E-E8CF7AE9AE38}.Debug|Any CPU.Build.0 = Debug|Any CPU
		{758F44A9-B638-4949-828E-E8CF7AE9AE38}.Debug|x64.ActiveCfg = Debug|Any CPU
		{758F44A9-B638-4949-828E-E8CF7AE9AE38}.Debug|x64.Build.0 = Debug|Any CPU
		{758F44A9-B638-4949-828E-E8CF7AE9AE38}.Debug|x86.ActiveCfg = Debug|Any CPU
		{758F44A9-B638-4949-828E-E8CF7AE9AE38}.Debug|x86.Build.0 = Debug|Any CPU
		{758F44A9-B638-4949-828E-E8CF7AE9AE38}.Release|Any CPU.ActiveCfg = Release|Any CPU
		{758F44A9-B638-4949-828E-E8CF7AE9AE38}.Release|Any CPU.Build.0 = Release|Any CPU
		{758F44A9-B638-4949-828E-E8CF7AE9AE38}.Release|x64.ActiveCfg = Release|Any CPU
		{758F44A9-B638-4949-828E-E8CF7AE9AE38}.Release|x64.Build.0 = Release|Any CPU
		{758F44A9-B638-4949-828E-E8CF7AE9AE38}.Release|x86.ActiveCfg = Release|Any CPU
		{758F44A9-B638-4949-828E-E8CF7AE9AE38}.Release|x86.Build.0 = Release|Any CPU
	EndGlobalSection
	GlobalSection(SolutionProperties) = preSolution
		HideSolutionNode = FALSE
	EndGlobalSection
	GlobalSection(NestedProjects) = preSolution
		{81034408-37C8-1011-444E-4C15C2FADA8E} = {827E0CD3-B72D-47B6-A68D-7590B98EB39B}
		{06A6A8A8-54C7-4571-BD07-728D1F3287D9} = {81034408-37C8-1011-444E-4C15C2FADA8E}
		{90298CBA-BD6F-3A0A-69D5-97CAD7B05E7E} = {827E0CD3-B72D-47B6-A68D-7590B98EB39B}
		{CD120A41-5B5C-4329-B65A-2C3E514A0FF3} = {90298CBA-BD6F-3A0A-69D5-97CAD7B05E7E}
		{EC447DCF-ABFA-6E24-52A5-D7FD48A5C558} = {827E0CD3-B72D-47B6-A68D-7590B98EB39B}
		{520777B0-A41D-EDFB-3DE7-765D2AFF1566} = {EC447DCF-ABFA-6E24-52A5-D7FD48A5C558}
		{CC933940-3D62-47AB-855F-24BDE1327C41} = {520777B0-A41D-EDFB-3DE7-765D2AFF1566}
		{2B367DA5-8C70-4B3F-9108-6520367E570C} = {520777B0-A41D-EDFB-3DE7-765D2AFF1566}
		{E1D991F3-DE90-4D4F-BDCE-CB7222036B74} = {0AB3BF05-4346-4AA6-1389-037BE0695223}
		{0873D296-7104-4A3C-BB8B-0A946D641076} = {0AB3BF05-4346-4AA6-1389-037BE0695223}
		{9048EB7F-3875-A59E-E36B-5BD4C6F2A282} = {827E0CD3-B72D-47B6-A68D-7590B98EB39B}
		{BE946F67-AE9F-42EF-9F19-24EA1E78A391} = {9048EB7F-3875-A59E-E36B-5BD4C6F2A282}
		{89D755B0-57A4-4796-A366-7B05D6774B5D} = {0AB3BF05-4346-4AA6-1389-037BE0695223}
		{3E5DE2E8-F7D9-42BC-BE26-2A9C2D61C540} = {7266C4A9-E384-DC00-0EB6-47F6002CFBA7}
		{0E47B08E-FF69-49AF-90DA-709B3FDEAF3F} = {9048EB7F-3875-A59E-E36B-5BD4C6F2A282}
		{E64D60F5-5948-427A-A1FC-C9E404C5C62A} = {0AB3BF05-4346-4AA6-1389-037BE0695223}
		{37FC5B9B-80E1-FD49-97A3-5E18FA2B6A20} = {EC447DCF-ABFA-6E24-52A5-D7FD48A5C558}
		{758F44A9-B638-4949-828E-E8CF7AE9AE38} = {37FC5B9B-80E1-FD49-97A3-5E18FA2B6A20}
	EndGlobalSection
EndGlobal
