
Microsoft Visual Studio Solution File, Format Version 12.00
# Visual Studio Version 17
VisualStudioVersion = 17.0.31903.59
MinimumVisualStudioVersion = 10.0.40219.1
Project("{2150E333-8FDC-42A3-9474-1A3956D46DE8}") = "src", "src", "{827E0CD3-B72D-47B6-A68D-7590B98EB39B}"
EndProject
Project("{2150E333-8FDC-42A3-9474-1A3956D46DE8}") = "Api", "Api", "{81034408-37C8-1011-444E-4C15C2FADA8E}"
EndProject
Project("{FAE04EC0-301F-11D3-BF4B-00C04F79EFBC}") = "SquadCrm.Api", "src\Api\SquadCrm.Api\SquadCrm.Api.csproj", "{06A6A8A8-54C7-4571-BD07-728D1F3287D9}"
EndProject
Project("{2150E333-8FDC-42A3-9474-1A3956D46DE8}") = "BuildingBlocks", "BuildingBlocks", "{90298CBA-BD6F-3A0A-69D5-97CAD7B05E7E}"
EndProject
Project("{FAE04EC0-301F-11D3-BF4B-00C04F79EFBC}") = "SquadCrm.BuildingBlocks", "src\BuildingBlocks\SquadCrm.BuildingBlocks\SquadCrm.BuildingBlocks.csproj", "{CD120A41-5B5C-4329-B65A-2C3E514A0FF3}"
EndProject
Project("{2150E333-8FDC-42A3-9474-1A3956D46DE8}") = "Modules", "Modules", "{EC447DCF-ABFA-6E24-52A5-D7FD48A5C558}"
EndProject
Project("{2150E333-8FDC-42A3-9474-1A3956D46DE8}") = "ArchitectureFixture", "ArchitectureFixture", "{520777B0-A41D-EDFB-3DE7-765D2AFF1566}"
EndProject
Project("{FAE04EC0-301F-11D3-BF4B-00C04F79EFBC}") = "SquadCrm.Modules.ArchitectureFixture.Contracts", "src\Modules\ArchitectureFixture\SquadCrm.Modules.ArchitectureFixture.Contracts\SquadCrm.Modules.ArchitectureFixture.Contracts.csproj", "{CC933940-3D62-47AB-855F-24BDE1327C41}"
EndProject
Project("{FAE04EC0-301F-11D3-BF4B-00C04F79EFBC}") = "SquadCrm.Modules.ArchitectureFixture", "src\Modules\ArchitectureFixture\SquadCrm.Modules.ArchitectureFixture\SquadCrm.Modules.ArchitectureFixture.csproj", "{2B367DA5-8C70-4B3F-9108-6520367E570C}"
EndProject
Project("{2150E333-8FDC-42A3-9474-1A3956D46DE8}") = "tests", "tests", "{0AB3BF05-4346-4AA6-1389-037BE0695223}"
EndProject
Project("{FAE04EC0-301F-11D3-BF4B-00C04F79EFBC}") = "SquadCrm.ArchitectureTests", "tests\SquadCrm.ArchitectureTests\SquadCrm.ArchitectureTests.csproj", "{E1D991F3-DE90-4D4F-BDCE-CB7222036B74}"
EndProject
Project("{FAE04EC0-301F-11D3-BF4B-00C04F79EFBC}") = "SquadCrm.Api.Tests", "tests\SquadCrm.Api.Tests\SquadCrm.Api.Tests.csproj", "{0873D296-7104-4A3C-BB8B-0A946D641076}"
EndProject
Project("{2150E333-8FDC-42A3-9474-1A3956D46DE8}") = "Infrastructure", "Infrastructure", "{9048EB7F-3875-A59E-E36B-5BD4C6F2A282}"
EndProject
Project("{FAE04EC0-301F-11D3-BF4B-00C04F79EFBC}") = "SquadCrm.Infrastructure.Postgres", "src\Infrastructure\SquadCrm.Infrastructure.Postgres\SquadCrm.Infrastructure.Postgres.csproj", "{BE946F67-AE9F-42EF-9F19-24EA1E78A391}"
EndProject
Project("{FAE04EC0-301F-11D3-BF4B-00C04F79EFBC}") = "SquadCrm.Persistence.IntegrationTests", "tests\SquadCrm.Persistence.IntegrationTests\SquadCrm.Persistence.IntegrationTests.csproj", "{89D755B0-57A4-4796-A366-7B05D6774B5D}"
EndProject
Project("{2150E333-8FDC-42A3-9474-1A3956D46DE8}") = "BuildingBlocks", "BuildingBlocks", "{7266C4A9-E384-DC00-0EB6-47F6002CFBA7}"
EndProject
Project("{FAE04EC0-301F-11D3-BF4B-00C04F79EFBC}") = "SquadCrm.BuildingBlocks.Abstractions", "src\BuildingBlocks\SquadCrm.BuildingBlocks.Abstractions\SquadCrm.BuildingBlocks.Abstractions.csproj", "{3E5DE2E8-F7D9-42BC-BE26-2A9C2D61C540}"
EndProject
Project("{FAE04EC0-301F-11D3-BF4B-00C04F79EFBC}") = "SquadCrm.Infrastructure.FileStorage", "src\Infrastructure\SquadCrm.Infrastructure.FileStorage\SquadCrm.Infrastructure.FileStorage.csproj", "{0E47B08E-FF69-49AF-90DA-709B3FDEAF3F}"
EndProject
Project("{FAE04EC0-301F-11D3-BF4B-00C04F79EFBC}") = "SquadCrm.UnitTests", "tests\SquadCrm.UnitTests\SquadCrm.UnitTests.csproj", "{E64D60F5-5948-427A-A1FC-C9E404C5C62A}"
EndProject
Project("{2150E333-8FDC-42A3-9474-1A3956D46DE8}") = "StaffIdentity", "StaffIdentity", "{37FC5B9B-80E1-FD49-97A3-5E18FA2B6A20}"
EndProject
Project("{FAE04EC0-301F-11D3-BF4B-00C04F79EFBC}") = "SquadCrm.Modules.StaffIdentity", "src\Modules\StaffIdentity\SquadCrm.Modules.StaffIdentity\SquadCrm.Modules.StaffIdentity.csproj", "{758F44A9-B638-4949-828E-E8CF7AE9AE38}"
EndProject
Project("{FAE04EC0-301F-11D3-BF4B-00C04F79EFBC}") = "SquadCrm.Modules.StaffIdentity.Bootstrap", "src\Modules\StaffIdentity\SquadCrm.Modules.StaffIdentity.Bootstrap\SquadCrm.Modules.StaffIdentity.Bootstrap.csproj", "{1189D108-0583-4F6B-8E08-93B450AE8D8A}"
EndProject
Project("{2150E333-8FDC-42A3-9474-1A3956D46DE8}") = "RoleManagement", "RoleManagement", "{F1FC73C4-433F-ED3E-2C48-99EE0161B43B}"
EndProject
Project("{FAE04EC0-301F-11D3-BF4B-00C04F79EFBC}") = "SquadCrm.Modules.RoleManagement", "src\Modules\RoleManagement\SquadCrm.Modules.RoleManagement\SquadCrm.Modules.RoleManagement.csproj", "{870014C3-FCA1-4900-8120-5FE787F6FC25}"
EndProject
Project("{FAE04EC0-301F-11D3-BF4B-00C04F79EFBC}") = "SquadCrm.Modules.StaffIdentity.Contracts", "src\Modules\StaffIdentity\SquadCrm.Modules.StaffIdentity.Contracts\SquadCrm.Modules.StaffIdentity.Contracts.csproj", "{BB6E440B-72D1-473B-B0B0-A03B6D972885}"
EndProject
Project("{2150E333-8FDC-42A3-9474-1A3956D46DE8}") = "Tools", "Tools", "{DCB6FCB8-FF92-AC57-0842-1F72A354D6B1}"
EndProject
Project("{FAE04EC0-301F-11D3-BF4B-00C04F79EFBC}") = "SquadCrm.RoleManagement.Bootstrap", "src\Tools\SquadCrm.RoleManagement.Bootstrap\SquadCrm.RoleManagement.Bootstrap.csproj", "{10FB38BE-D31D-44D4-9CBB-78775460BAC3}"
EndProject
Project("{2150E333-8FDC-42A3-9474-1A3956D46DE8}") = "Audit", "Audit", "{B7504168-2F66-9EF4-E8D7-36B98062A6F8}"
EndProject
Project("{FAE04EC0-301F-11D3-BF4B-00C04F79EFBC}") = "SquadCrm.Modules.Audit.Contracts", "src\Modules\Audit\SquadCrm.Modules.Audit.Contracts\SquadCrm.Modules.Audit.Contracts.csproj", "{08A6E70C-2CE4-4A75-81F0-E98252F666F5}"
EndProject
Project("{FAE04EC0-301F-11D3-BF4B-00C04F79EFBC}") = "SquadCrm.Modules.Audit", "src\Modules\Audit\SquadCrm.Modules.Audit\SquadCrm.Modules.Audit.csproj", "{5FF01A94-774E-4B0E-AAFA-A3899666B0DF}"
EndProject
Project("{2150E333-8FDC-42A3-9474-1A3956D46DE8}") = "DepartmentManagement", "DepartmentManagement", "{863CA552-3257-8F6A-A40E-5C0E07FC99AA}"
EndProject
Project("{FAE04EC0-301F-11D3-BF4B-00C04F79EFBC}") = "SquadCrm.Modules.DepartmentManagement", "src\Modules\DepartmentManagement\SquadCrm.Modules.DepartmentManagement\SquadCrm.Modules.DepartmentManagement.csproj", "{34BBC1BB-AF44-40C2-B2CB-A6FFEF192E91}"
EndProject
Project("{2150E333-8FDC-42A3-9474-1A3956D46DE8}") = "SystemConfiguration", "SystemConfiguration", "{32CBD415-B7BF-6D0D-9E06-4E666C657C5B}"
EndProject
Project("{FAE04EC0-301F-11D3-BF4B-00C04F79EFBC}") = "SquadCrm.Modules.SystemConfiguration", "src\Modules\SystemConfiguration\SquadCrm.Modules.SystemConfiguration\SquadCrm.Modules.SystemConfiguration.csproj", "{57DE94B8-8ED2-482D-A375-629C256DA228}"
EndProject
Project("{2150E333-8FDC-42A3-9474-1A3956D46DE8}") = "BranchManagement", "BranchManagement", "{8E02EEBD-D7C6-4324-B122-56F2E49165C5}"
EndProject
Project("{FAE04EC0-301F-11D3-BF4B-00C04F79EFBC}") = "SquadCrm.Modules.BranchManagement", "src\Modules\BranchManagement\SquadCrm.Modules.BranchManagement\SquadCrm.Modules.BranchManagement.csproj", "{B5315FDE-10D5-4080-BFEE-2DFF8FAA3894}"
EndProject
Project("{2150E333-8FDC-42A3-9474-1A3956D46DE8}") = "BrandingManagement", "BrandingManagement", "{33017908-9D5F-4E6F-9DC9-3E88BB4FAA08}"
EndProject
Project("{FAE04EC0-301F-11D3-BF4B-00C04F79EFBC}") = "SquadCrm.Modules.BrandingManagement", "src\Modules\BrandingManagement\SquadCrm.Modules.BrandingManagement\SquadCrm.Modules.BrandingManagement.csproj", "{38500023-D27C-4326-A6C4-90C0E306D80F}"
EndProject
Global
	GlobalSection(SolutionConfigurationPlatforms) = preSolution
		Debug|Any CPU = Debug|Any CPU
		Debug|x64 = Debug|x64
		Debug|x86 = Debug|x86
		Release|Any CPU = Release|Any CPU
		Release|x64 = Release|x64
		Release|x86 = Release|x86
	EndGlobalSection
	GlobalSection(ProjectConfigurationPlatforms) = postSolution
		{06A6A8A8-54C7-4571-BD07-728D1F3287D9}.Debug|Any CPU.ActiveCfg = Debug|Any CPU
		{06A6A8A8-54C7-4571-BD07-728D1F3287D9}.Debug|Any CPU.Build.0 = Debug|Any CPU
		{06A6A8A8-54C7-4571-BD07-728D1F3287D9}.Debug|x64.ActiveCfg = Debug|Any CPU
		{06A6A8A8-54C7-4571-BD07-728D1F3287D9}.Debug|x64.Build.0 = Debug|Any CPU
		{06A6A8A8-54C7-4571-BD07-728D1F3287D9}.Debug|x86.ActiveCfg = Debug|Any CPU
		{06A6A8A8-54C7-4571-BD07-728D1F3287D9}.Debug|x86.Build.0 = Debug|Any CPU
		{06A6A8A8-54C7-4571-BD07-728D1F3287D9}.Release|Any CPU.ActiveCfg = Release|Any CPU
		{06A6A8A8-54C7-4571-BD07-728D1F3287D9}.Release|Any CPU.Build.0 = Release|Any CPU
		{06A6A8A8-54C7-4571-BD07-728D1F3287D9}.Release|x64.ActiveCfg = Release|Any CPU
		{06A6A8A8-54C7-4571-BD07-728D1F3287D9}.Release|x64.Build.0 = Release|Any CPU
		{06A6A8A8-54C7-4571-BD07-728D1F3287D9}.Release|x86.ActiveCfg = Release|Any CPU
		{06A6A8A8-54C7-4571-BD07-728D1F3287D9}.Release|x86.Build.0 = Release|Any CPU
		{CD120A41-5B5C-4329-B65A-2C3E514A0FF3}.Debug|Any CPU.ActiveCfg = Debug|Any CPU
		{CD120A41-5B5C-4329-B65A-2C3E514A0FF3}.Debug|Any CPU.Build.0 = Debug|Any CPU
		{CD120A41-5B5C-4329-B65A-2C3E514A0FF3}.Debug|x64.ActiveCfg = Debug|Any CPU
		{CD120A41-5B5C-4329-B65A-2C3E514A0FF3}.Debug|x64.Build.0 = Debug|Any CPU
		{CD120A41-5B5C-4329-B65A-2C3E514A0FF3}.Debug|x86.ActiveCfg = Debug|Any CPU
		{CD120A41-5B5C-4329-B65A-2C3E514A0FF3}.Debug|x86.Build.0 = Debug|Any CPU
		{CD120A41-5B5C-4329-B65A-2C3E514A0FF3}.Release|Any CPU.ActiveCfg = Release|Any CPU
		{CD120A41-5B5C-4329-B65A-2C3E514A0FF3}.Release|Any CPU.Build.0 = Release|Any CPU
		{CD120A41-5B5C-4329-B65A-2C3E514A0FF3}.Release|x64.ActiveCfg = Release|Any CPU
		{CD120A41-5B5C-4329-B65A-2C3E514A0FF3}.Release|x64.Build.0 = Release|Any CPU
		{CD120A41-5B5C-4329-B65A-2C3E514A0FF3}.Release|x86.ActiveCfg = Release|Any CPU
		{CD120A41-5B5C-4329-B65A-2C3E514A0FF3}.Release|x86.Build.0 = Release|Any CPU
		{CC933940-3D62-47AB-855F-24BDE1327C41}.Debug|Any CPU.ActiveCfg = Debug|Any CPU
		{CC933940-3D62-47AB-855F-24BDE1327C41}.Debug|Any CPU.Build.0 = Debug|Any CPU
		{CC933940-3D62-47AB-855F-24BDE1327C41}.Debug|x64.ActiveCfg = Debug|Any CPU
		{CC933940-3D62-47AB-855F-24BDE1327C41}.Debug|x64.Build.0 = Debug|Any CPU
		{CC933940-3D62-47AB-855F-24BDE1327C41}.Debug|x86.ActiveCfg = Debug|Any CPU
		{CC933940-3D62-47AB-855F-24BDE1327C41}.Debug|x86.Build.0 = Debug|Any CPU
		{CC933940-3D62-47AB-855F-24BDE1327C41}.Release|Any CPU.ActiveCfg = Release|Any CPU
		{CC933940-3D62-47AB-855F-24BDE1327C41}.Release|Any CPU.Build.0 = Release|Any CPU
		{CC933940-3D62-47AB-855F-24BDE1327C41}.Release|x64.ActiveCfg = Release|Any CPU
		{CC933940-3D62-47AB-855F-24BDE1327C41}.Release|x64.Build.0 = Release|Any CPU
		{CC933940-3D62-47AB-855F-24BDE1327C41}.Release|x86.ActiveCfg = Release|Any CPU
		{CC933940-3D62-47AB-855F-24BDE1327C41}.Release|x86.Build.0 = Release|Any CPU
		{2B367DA5-8C70-4B3F-9108-6520367E570C}.Debug|Any CPU.ActiveCfg = Debug|Any CPU
		{2B367DA5-8C70-4B3F-9108-6520367E570C}.Debug|Any CPU.Build.0 = Debug|Any CPU
		{2B367DA5-8C70-4B3F-9108-6520367E570C}.Debug|x64.ActiveCfg = Debug|Any CPU
		{2B367DA5-8C70-4B3F-9108-6520367E570C}.Debug|x64.Build.0 = Debug|Any CPU
		{2B367DA5-8C70-4B3F-9108-6520367E570C}.Debug|x86.ActiveCfg = Debug|Any CPU
		{2B367DA5-8C70-4B3F-9108-6520367E570C}.Debug|x86.Build.0 = Debug|Any CPU
		{2B367DA5-8C70-4B3F-9108-6520367E570C}.Release|Any CPU.ActiveCfg = Release|Any CPU
		{2B367DA5-8C70-4B3F-9108-6520367E570C}.Release|Any CPU.Build.0 = Release|Any CPU
		{2B367DA5-8C70-4B3F-9108-6520367E570C}.Release|x64.ActiveCfg = Release|Any CPU
		{2B367DA5-8C70-4B3F-9108-6520367E570C}.Release|x64.Build.0 = Release|Any CPU
		{2B367DA5-8C70-4B3F-9108-6520367E570C}.Release|x86.ActiveCfg = Release|Any CPU
		{2B367DA5-8C70-4B3F-9108-6520367E570C}.Release|x86.Build.0 = Release|Any CPU
		{E1D991F3-DE90-4D4F-BDCE-CB7222036B74}.Debug|Any CPU.ActiveCfg = Debug|Any CPU
		{E1D991F3-DE90-4D4F-BDCE-CB7222036B74}.Debug|Any CPU.Build.0 = Debug|Any CPU
		{E1D991F3-DE90-4D4F-BDCE-CB7222036B74}.Debug|x64.ActiveCfg = Debug|Any CPU
		{E1D991F3-DE90-4D4F-BDCE-CB7222036B74}.Debug|x64.Build.0 = Debug|Any CPU
		{E1D991F3-DE90-4D4F-BDCE-CB7222036B74}.Debug|x86.ActiveCfg = Debug|Any CPU
		{E1D991F3-DE90-4D4F-BDCE-CB7222036B74}.Debug|x86.Build.0 = Debug|Any CPU
		{E1D991F3-DE90-4D4F-BDCE-CB7222036B74}.Release|Any CPU.ActiveCfg = Release|Any CPU
		{E1D991F3-DE90-4D4F-BDCE-CB7222036B74}.Release|Any CPU.Build.0 = Release|Any CPU
		{E1D991F3-DE90-4D4F-BDCE-CB7222036B74}.Release|x64.ActiveCfg = Release|Any CPU
		{E1D991F3-DE90-4D4F-BDCE-CB7222036B74}.Release|x64.Build.0 = Release|Any CPU
		{E1D991F3-DE90-4D4F-BDCE-CB7222036B74}.Release|x86.ActiveCfg = Release|Any CPU
		{E1D991F3-DE90-4D4F-BDCE-CB7222036B74}.Release|x86.Build.0 = Release|Any CPU
		{0873D296-7104-4A3C-BB8B-0A946D641076}.Debug|Any CPU.ActiveCfg = Debug|Any CPU
		{0873D296-7104-4A3C-BB8B-0A946D641076}.Debug|Any CPU.Build.0 = Debug|Any CPU
		{0873D296-7104-4A3C-BB8B-0A946D641076}.Debug|x64.ActiveCfg = Debug|Any CPU
		{0873D296-7104-4A3C-BB8B-0A946D641076}.Debug|x64.Build.0 = Debug|Any CPU
		{0873D296-7104-4A3C-BB8B-0A946D641076}.Debug|x86.ActiveCfg = Debug|Any CPU
		{0873D296-7104-4A3C-BB8B-0A946D641076}.Debug|x86.Build.0 = Debug|Any CPU
		{0873D296-7104-4A3C-BB8B-0A946D641076}.Release|Any CPU.ActiveCfg = Release|Any CPU
		{0873D296-7104-4A3C-BB8B-0A946D641076}.Release|Any CPU.Build.0 = Release|Any CPU
		{0873D296-7104-4A3C-BB8B-0A946D641076}.Release|x64.ActiveCfg = Release|Any CPU
		{0873D296-7104-4A3C-BB8B-0A946D641076}.Release|x64.Build.0 = Release|Any CPU
		{0873D296-7104-4A3C-BB8B-0A946D641076}.Release|x86.ActiveCfg = Release|Any CPU
		{0873D296-7104-4A3C-BB8B-0A946D641076}.Release|x86.Build.0 = Release|Any CPU
		{BE946F67-AE9F-42EF-9F19-24EA1E78A391}.Debug|Any CPU.ActiveCfg = Debug|Any CPU
		{BE946F67-AE9F-42EF-9F19-24EA1E78A391}.Debug|Any CPU.Build.0 = Debug|Any CPU
		{BE946F67-AE9F-42EF-9F19-24EA1E78A391}.Debug|x64.ActiveCfg = Debug|Any CPU
		{BE946F67-AE9F-42EF-9F19-24EA1E78A391}.Debug|x64.Build.0 = Debug|Any CPU
		{BE946F67-AE9F-42EF-9F19-24EA1E78A391}.Debug|x86.ActiveCfg = Debug|Any CPU
		{BE946F67-AE9F-42EF-9F19-24EA1E78A391}.Debug|x86.Build.0 = Debug|Any CPU
		{BE946F67-AE9F-42EF-9F19-24EA1E78A391}.Release|Any CPU.ActiveCfg = Release|Any CPU
		{BE946F67-AE9F-42EF-9F19-24EA1E78A391}.Release|Any CPU.Build.0 = Release|Any CPU
		{BE946F67-AE9F-42EF-9F19-24EA1E78A391}.Release|x64.ActiveCfg = Release|Any CPU
		{BE946F67-AE9F-42EF-9F19-24EA1E78A391}.Release|x64.Build.0 = Release|Any CPU
		{BE946F67-AE9F-42EF-9F19-24EA1E78A391}.Release|x86.ActiveCfg = Release|Any CPU
		{BE946F67-AE9F-42EF-9F19-24EA1E78A391}.Release|x86.Build.0 = Release|Any CPU
		{89D755B0-57A4-4796-A366-7B05D6774B5D}.Debug|Any CPU.ActiveCfg = Debug|Any CPU
		{89D755B0-57A4-4796-A366-7B05D6774B5D}.Debug|Any CPU.Build.0 = Debug|Any CPU
		{89D755B0-57A4-4796-A366-7B05D6774B5D}.Debug|x64.ActiveCfg = Debug|Any CPU
		{89D755B0-57A4-4796-A366-7B05D6774B5D}.Debug|x64.Build.0 = Debug|Any CPU
		{89D755B0-57A4-4796-A366-7B05D6774B5D}.Debug|x86.ActiveCfg = Debug|Any CPU
		{89D755B0-57A4-4796-A366-7B05D6774B5D}.Debug|x86.Build.0 = Debug|Any CPU
		{89D755B0-57A4-4796-A366-7B05D6774B5D}.Release|Any CPU.ActiveCfg = Release|Any CPU
		{89D755B0-57A4-4796-A366-7B05D6774B5D}.Release|Any CPU.Build.0 = Release|Any CPU
		{89D755B0-57A4-4796-A366-7B05D6774B5D}.Release|x64.ActiveCfg = Release|Any CPU
		{89D755B0-57A4-4796-A366-7B05D6774B5D}.Release|x64.Build.0 = Release|Any CPU
		{89D755B0-57A4-4796-A366-7B05D6774B5D}.Release|x86.ActiveCfg = Release|Any CPU
		{89D755B0-57A4-4796-A366-7B05D6774B5D}.Release|x86.Build.0 = Release|Any CPU
		{3E5DE2E8-F7D9-42BC-BE26-2A9C2D61C540}.Debug|Any CPU.ActiveCfg = Debug|Any CPU
		{3E5DE2E8-F7D9-42BC-BE26-2A9C2D61C540}.Debug|Any CPU.Build.0 = Debug|Any CPU
		{3E5DE2E8-F7D9-42BC-BE26-2A9C2D61C540}.Debug|x64.ActiveCfg = Debug|Any CPU
		{3E5DE2E8-F7D9-42BC-BE26-2A9C2D61C540}.Debug|x64.Build.0 = Debug|Any CPU
		{3E5DE2E8-F7D9-42BC-BE26-2A9C2D61C540}.Debug|x86.ActiveCfg = Debug|Any CPU
		{3E5DE2E8-F7D9-42BC-BE26-2A9C2D61C540}.Debug|x86.Build.0 = Debug|Any CPU
		{3E5DE2E8-F7D9-42BC-BE26-2A9C2D61C540}.Release|Any CPU.ActiveCfg = Release|Any CPU
		{3E5DE2E8-F7D9-42BC-BE26-2A9C2D61C540}.Release|Any CPU.Build.0 = Release|Any CPU
		{3E5DE2E8-F7D9-42BC-BE26-2A9C2D61C540}.Release|x64.ActiveCfg = Release|Any CPU
		{3E5DE2E8-F7D9-42BC-BE26-2A9C2D61C540}.Release|x64.Build.0 = Release|Any CPU
		{3E5DE2E8-F7D9-42BC-BE26-2A9C2D61C540}.Release|x86.ActiveCfg = Release|Any CPU
		{3E5DE2E8-F7D9-42BC-BE26-2A9C2D61C540}.Release|x86.Build.0 = Release|Any CPU
		{0E47B08E-FF69-49AF-90DA-709B3FDEAF3F}.Debug|Any CPU.ActiveCfg = Debug|Any CPU
		{0E47B08E-FF69-49AF-90DA-709B3FDEAF3F}.Debug|Any CPU.Build.0 = Debug|Any CPU
		{0E47B08E-FF69-49AF-90DA-709B3FDEAF3F}.Debug|x64.ActiveCfg = Debug|Any CPU
		{0E47B08E-FF69-49AF-90DA-709B3FDEAF3F}.Debug|x64.Build.0 = Debug|Any CPU
		{0E47B08E-FF69-49AF-90DA-709B3FDEAF3F}.Debug|x86.ActiveCfg = Debug|Any CPU
		{0E47B08E-FF69-49AF-90DA-709B3FDEAF3F}.Debug|x86.Build.0 = Debug|Any CPU
		{0E47B08E-FF69-49AF-90DA-709B3FDEAF3F}.Release|Any CPU.ActiveCfg = Release|Any CPU
		{0E47B08E-FF69-49AF-90DA-709B3FDEAF3F}.Release|Any CPU.Build.0 = Release|Any CPU
		{0E47B08E-FF69-49AF-90DA-709B3FDEAF3F}.Release|x64.ActiveCfg = Release|Any CPU
		{0E47B08E-FF69-49AF-90DA-709B3FDEAF3F}.Release|x64.Build.0 = Release|Any CPU
		{0E47B08E-FF69-49AF-90DA-709B3FDEAF3F}.Release|x86.ActiveCfg = Release|Any CPU
		{0E47B08E-FF69-49AF-90DA-709B3FDEAF3F}.Release|x86.Build.0 = Release|Any CPU
		{E64D60F5-5948-427A-A1FC-C9E404C5C62A}.Debug|Any CPU.ActiveCfg = Debug|Any CPU
		{E64D60F5-5948-427A-A1FC-C9E404C5C62A}.Debug|Any CPU.Build.0 = Debug|Any CPU
		{E64D60F5-5948-427A-A1FC-C9E404C5C62A}.Debug|x64.ActiveCfg = Debug|Any CPU
		{E64D60F5-5948-427A-A1FC-C9E404C5C62A}.Debug|x64.Build.0 = Debug|Any CPU
		{E64D60F5-5948-427A-A1FC-C9E404C5C62A}.Debug|x86.ActiveCfg = Debug|Any CPU
		{E64D60F5-5948-427A-A1FC-C9E404C5C62A}.Debug|x86.Build.0 = Debug|Any CPU
		{E64D60F5-5948-427A-A1FC-C9E404C5C62A}.Release|Any CPU.ActiveCfg = Release|Any CPU
		{E64D60F5-5948-427A-A1FC-C9E404C5C62A}.Release|Any CPU.Build.0 = Release|Any CPU
		{E64D60F5-5948-427A-A1FC-C9E404C5C62A}.Release|x64.ActiveCfg = Release|Any CPU
		{E64D60F5-5948-427A-A1FC-C9E404C5C62A}.Release|x64.Build.0 = Release|Any CPU
		{E64D60F5-5948-427A-A1FC-C9E404C5C62A}.Release|x86.ActiveCfg = Release|Any CPU
		{E64D60F5-5948-427A-A1FC-C9E404C5C62A}.Release|x86.Build.0 = Release|Any CPU
		{758F44A9-B638-4949-828E-E8CF7AE9AE38}.Debug|Any CPU.ActiveCfg = Debug|Any CPU
		{758F44A9-B638-4949-828E-E8CF7AE9AE38}.Debug|Any CPU.Build.0 = Debug|Any CPU
		{758F44A9-B638-4949-828E-E8CF7AE9AE38}.Debug|x64.ActiveCfg = Debug|Any CPU
		{758F44A9-B638-4949-828E-E8CF7AE9AE38}.Debug|x64.Build.0 = Debug|Any CPU
		{758F44A9-B638-4949-828E-E8CF7AE9AE38}.Debug|x86.ActiveCfg = Debug|Any CPU
		{758F44A9-B638-4949-828E-E8CF7AE9AE38}.Debug|x86.Build.0 = Debug|Any CPU
		{758F44A9-B638-4949-828E-E8CF7AE9AE38}.Release|Any CPU.ActiveCfg = Release|Any CPU
		{758F44A9-B638-4949-828E-E8CF7AE9AE38}.Release|Any CPU.Build.0 = Release|Any CPU
		{758F44A9-B638-4949-828E-E8CF7AE9AE38}.Release|x64.ActiveCfg = Release|Any CPU
		{758F44A9-B638-4949-828E-E8CF7AE9AE38}.Release|x64.Build.0 = Release|Any CPU
		{758F44A9-B638-4949-828E-E8CF7AE9AE38}.Release|x86.ActiveCfg = Release|Any CPU
		{758F44A9-B638-4949-828E-E8CF7AE9AE38}.Release|x86.Build.0 = Release|Any CPU
		{1189D108-0583-4F6B-8E08-93B450AE8D8A}.Debug|Any CPU.ActiveCfg = Debug|Any CPU
		{1189D108-0583-4F6B-8E08-93B450AE8D8A}.Debug|Any CPU.Build.0 = Debug|Any CPU
		{1189D108-0583-4F6B-8E08-93B450AE8D8A}.Debug|x64.ActiveCfg = Debug|Any CPU
		{1189D108-0583-4F6B-8E08-93B450AE8D8A}.Debug|x64.Build.0 = Debug|Any CPU
		{1189D108-0583-4F6B-8E08-93B450AE8D8A}.Debug|x86.ActiveCfg = Debug|Any CPU
		{1189D108-0583-4F6B-8E08-93B450AE8D8A}.Debug|x86.Build.0 = Debug|Any CPU
		{1189D108-0583-4F6B-8E08-93B450AE8D8A}.Release|Any CPU.ActiveCfg = Release|Any CPU
		{1189D108-0583-4F6B-8E08-93B450AE8D8A}.Release|Any CPU.Build.0 = Release|Any CPU
		{1189D108-0583-4F6B-8E08-93B450AE8D8A}.Release|x64.ActiveCfg = Release|Any CPU
		{1189D108-0583-4F6B-8E08-93B450AE8D8A}.Release|x64.Build.0 = Release|Any CPU
		{1189D108-0583-4F6B-8E08-93B450AE8D8A}.Release|x86.ActiveCfg = Release|Any CPU
		{1189D108-0583-4F6B-8E08-93B450AE8D8A}.Release|x86.Build.0 = Release|Any CPU
		{870014C3-FCA1-4900-8120-5FE787F6FC25}.Debug|Any CPU.ActiveCfg = Debug|Any CPU
		{870014C3-FCA1-4900-8120-5FE787F6FC25}.Debug|Any CPU.Build.0 = Debug|Any CPU
		{870014C3-FCA1-4900-8120-5FE787F6FC25}.Debug|x64.ActiveCfg = Debug|Any CPU
		{870014C3-FCA1-4900-8120-5FE787F6FC25}.Debug|x64.Build.0 = Debug|Any CPU
		{870014C3-FCA1-4900-8120-5FE787F6FC25}.Debug|x86.ActiveCfg = Debug|Any CPU
		{870014C3-FCA1-4900-8120-5FE787F6FC25}.Debug|x86.Build.0 = Debug|Any CPU
		{870014C3-FCA1-4900-8120-5FE787F6FC25}.Release|Any CPU.ActiveCfg = Release|Any CPU
		{870014C3-FCA1-4900-8120-5FE787F6FC25}.Release|Any CPU.Build.0 = Release|Any CPU
		{870014C3-FCA1-4900-8120-5FE787F6FC25}.Release|x64.ActiveCfg = Release|Any CPU
		{870014C3-FCA1-4900-8120-5FE787F6FC25}.Release|x64.Build.0 = Release|Any CPU
		{870014C3-FCA1-4900-8120-5FE787F6FC25}.Release|x86.ActiveCfg = Release|Any CPU
		{870014C3-FCA1-4900-8120-5FE787F6FC25}.Release|x86.Build.0 = Release|Any CPU
		{BB6E440B-72D1-473B-B0B0-A03B6D972885}.Debug|Any CPU.ActiveCfg = Debug|Any CPU
		{BB6E440B-72D1-473B-B0B0-A03B6D972885}.Debug|Any CPU.Build.0 = Debug|Any CPU
		{BB6E440B-72D1-473B-B0B0-A03B6D972885}.Debug|x64.ActiveCfg = Debug|Any CPU
		{BB6E440B-72D1-473B-B0B0-A03B6D972885}.Debug|x64.Build.0 = Debug|Any CPU
		{BB6E440B-72D1-473B-B0B0-A03B6D972885}.Debug|x86.ActiveCfg = Debug|Any CPU
		{BB6E440B-72D1-473B-B0B0-A03B6D972885}.Debug|x86.Build.0 = Debug|Any CPU
		{BB6E440B-72D1-473B-B0B0-A03B6D972885}.Release|Any CPU.ActiveCfg = Release|Any CPU
		{BB6E440B-72D1-473B-B0B0-A03B6D972885}.Release|Any CPU.Build.0 = Release|Any CPU
		{BB6E440B-72D1-473B-B0B0-A03B6D972885}.Release|x64.ActiveCfg = Release|Any CPU
		{BB6E440B-72D1-473B-B0B0-A03B6D972885}.Release|x64.Build.0 = Release|Any CPU
		{BB6E440B-72D1-473B-B0B0-A03B6D972885}.Release|x86.ActiveCfg = Release|Any CPU
		{BB6E440B-72D1-473B-B0B0-A03B6D972885}.Release|x86.Build.0 = Release|Any CPU
		{10FB38BE-D31D-44D4-9CBB-78775460BAC3}.Debug|Any CPU.ActiveCfg = Debug|Any CPU
		{10FB38BE-D31D-44D4-9CBB-78775460BAC3}.Debug|Any CPU.Build.0 = Debug|Any CPU
		{10FB38BE-D31D-44D4-9CBB-78775460BAC3}.Debug|x64.ActiveCfg = Debug|Any CPU
		{10FB38BE-D31D-44D4-9CBB-78775460BAC3}.Debug|x64.Build.0 = Debug|Any CPU
		{10FB38BE-D31D-44D4-9CBB-78775460BAC3}.Debug|x86.ActiveCfg = Debug|Any CPU
		{10FB38BE-D31D-44D4-9CBB-78775460BAC3}.Debug|x86.Build.0 = Debug|Any CPU
		{10FB38BE-D31D-44D4-9CBB-78775460BAC3}.Release|Any CPU.ActiveCfg = Release|Any CPU
		{10FB38BE-D31D-44D4-9CBB-78775460BAC3}.Release|Any CPU.Build.0 = Release|Any CPU
		{10FB38BE-D31D-44D4-9CBB-78775460BAC3}.Release|x64.ActiveCfg = Release|Any CPU
		{10FB38BE-D31D-44D4-9CBB-78775460BAC3}.Release|x64.Build.0 = Release|Any CPU
		{10FB38BE-D31D-44D4-9CBB-78775460BAC3}.Release|x86.ActiveCfg = Release|Any CPU
		{10FB38BE-D31D-44D4-9CBB-78775460BAC3}.Release|x86.Build.0 = Release|Any CPU
		{08A6E70C-2CE4-4A75-81F0-E98252F666F5}.Debug|Any CPU.ActiveCfg = Debug|Any CPU
		{08A6E70C-2CE4-4A75-81F0-E98252F666F5}.Debug|Any CPU.Build.0 = Debug|Any CPU
		{08A6E70C-2CE4-4A75-81F0-E98252F666F5}.Debug|x64.ActiveCfg = Debug|Any CPU
		{08A6E70C-2CE4-4A75-81F0-E98252F666F5}.Debug|x64.Build.0 = Debug|Any CPU
		{08A6E70C-2CE4-4A75-81F0-E98252F666F5}.Debug|x86.ActiveCfg = Debug|Any CPU
		{08A6E70C-2CE4-4A75-81F0-E98252F666F5}.Debug|x86.Build.0 = Debug|Any CPU
		{08A6E70C-2CE4-4A75-81F0-E98252F666F5}.Release|Any CPU.ActiveCfg = Release|Any CPU
		{08A6E70C-2CE4-4A75-81F0-E98252F666F5}.Release|Any CPU.Build.0 = Release|Any CPU
		{08A6E70C-2CE4-4A75-81F0-E98252F666F5}.Release|x64.ActiveCfg = Release|Any CPU
		{08A6E70C-2CE4-4A75-81F0-E98252F666F5}.Release|x64.Build.0 = Release|Any CPU
		{08A6E70C-2CE4-4A75-81F0-E98252F666F5}.Release|x86.ActiveCfg = Release|Any CPU
		{08A6E70C-2CE4-4A75-81F0-E98252F666F5}.Release|x86.Build.0 = Release|Any CPU
		{5FF01A94-774E-4B0E-AAFA-A3899666B0DF}.Debug|Any CPU.ActiveCfg = Debug|Any CPU
		{5FF01A94-774E-4B0E-AAFA-A3899666B0DF}.Debug|Any CPU.Build.0 = Debug|Any CPU
		{5FF01A94-774E-4B0E-AAFA-A3899666B0DF}.Debug|x64.ActiveCfg = Debug|Any CPU
		{5FF01A94-774E-4B0E-AAFA-A3899666B0DF}.Debug|x64.Build.0 = Debug|Any CPU
		{5FF01A94-774E-4B0E-AAFA-A3899666B0DF}.Debug|x86.ActiveCfg = Debug|Any CPU
		{5FF01A94-774E-4B0E-AAFA-A3899666B0DF}.Debug|x86.Build.0 = Debug|Any CPU
		{5FF01A94-774E-4B0E-AAFA-A3899666B0DF}.Release|Any CPU.ActiveCfg = Release|Any CPU
		{5FF01A94-774E-4B0E-AAFA-A3899666B0DF}.Release|Any CPU.Build.0 = Release|Any CPU
		{5FF01A94-774E-4B0E-AAFA-A3899666B0DF}.Release|x64.ActiveCfg = Release|Any CPU
		{5FF01A94-774E-4B0E-AAFA-A3899666B0DF}.Release|x64.Build.0 = Release|Any CPU
		{5FF01A94-774E-4B0E-AAFA-A3899666B0DF}.Release|x86.ActiveCfg = Release|Any CPU
		{5FF01A94-774E-4B0E-AAFA-A3899666B0DF}.Release|x86.Build.0 = Release|Any CPU
		{34BBC1BB-AF44-40C2-B2CB-A6FFEF192E91}.Debug|Any CPU.ActiveCfg = Debug|Any CPU
		{34BBC1BB-AF44-40C2-B2CB-A6FFEF192E91}.Debug|Any CPU.Build.0 = Debug|Any CPU
		{34BBC1BB-AF44-40C2-B2CB-A6FFEF192E91}.Debug|x64.ActiveCfg = Debug|Any CPU
		{34BBC1BB-AF44-40C2-B2CB-A6FFEF192E91}.Debug|x64.Build.0 = Debug|Any CPU
		{34BBC1BB-AF44-40C2-B2CB-A6FFEF192E91}.Debug|x86.ActiveCfg = Debug|Any CPU
		{34BBC1BB-AF44-40C2-B2CB-A6FFEF192E91}.Debug|x86.Build.0 = Debug|Any CPU
		{34BBC1BB-AF44-40C2-B2CB-A6FFEF192E91}.Release|Any CPU.ActiveCfg = Release|Any CPU
		{34BBC1BB-AF44-40C2-B2CB-A6FFEF192E91}.Release|Any CPU.Build.0 = Release|Any CPU
		{34BBC1BB-AF44-40C2-B2CB-A6FFEF192E91}.Release|x64.ActiveCfg = Release|Any CPU
		{34BBC1BB-AF44-40C2-B2CB-A6FFEF192E91}.Release|x64.Build.0 = Release|Any CPU
		{34BBC1BB-AF44-40C2-B2CB-A6FFEF192E91}.Release|x86.ActiveCfg = Release|Any CPU
		{34BBC1BB-AF44-40C2-B2CB-A6FFEF192E91}.Release|x86.Build.0 = Release|Any CPU
		{57DE94B8-8ED2-482D-A375-629C256DA228}.Debug|Any CPU.ActiveCfg = Debug|Any CPU
		{57DE94B8-8ED2-482D-A375-629C256DA228}.Debug|Any CPU.Build.0 = Debug|Any CPU
		{57DE94B8-8ED2-482D-A375-629C256DA228}.Debug|x64.ActiveCfg = Debug|Any CPU
		{57DE94B8-8ED2-482D-A375-629C256DA228}.Debug|x64.Build.0 = Debug|Any CPU
		{57DE94B8-8ED2-482D-A375-629C256DA228}.Debug|x86.ActiveCfg = Debug|Any CPU
		{57DE94B8-8ED2-482D-A375-629C256DA228}.Debug|x86.Build.0 = Debug|Any CPU
		{57DE94B8-8ED2-482D-A375-629C256DA228}.Release|Any CPU.ActiveCfg = Release|Any CPU
		{57DE94B8-8ED2-482D-A375-629C256DA228}.Release|Any CPU.Build.0 = Release|Any CPU
		{57DE94B8-8ED2-482D-A375-629C256DA228}.Release|x64.ActiveCfg = Release|Any CPU
		{57DE94B8-8ED2-482D-A375-629C256DA228}.Release|x64.Build.0 = Release|Any CPU
		{57DE94B8-8ED2-482D-A375-629C256DA228}.Release|x86.ActiveCfg = Release|Any CPU
		{57DE94B8-8ED2-482D-A375-629C256DA228}.Release|x86.Build.0 = Release|Any CPU
		{38500023-D27C-4326-A6C4-90C0E306D80F}.Debug|Any CPU.ActiveCfg = Debug|Any CPU
		{38500023-D27C-4326-A6C4-90C0E306D80F}.Debug|Any CPU.Build.0 = Debug|Any CPU
		{38500023-D27C-4326-A6C4-90C0E306D80F}.Debug|x64.ActiveCfg = Debug|Any CPU
		{38500023-D27C-4326-A6C4-90C0E306D80F}.Debug|x64.Build.0 = Debug|Any CPU
		{38500023-D27C-4326-A6C4-90C0E306D80F}.Debug|x86.ActiveCfg = Debug|Any CPU
		{38500023-D27C-4326-A6C4-90C0E306D80F}.Debug|x86.Build.0 = Debug|Any CPU
		{38500023-D27C-4326-A6C4-90C0E306D80F}.Release|Any CPU.ActiveCfg = Release|Any CPU
		{38500023-D27C-4326-A6C4-90C0E306D80F}.Release|Any CPU.Build.0 = Release|Any CPU
		{38500023-D27C-4326-A6C4-90C0E306D80F}.Release|x64.ActiveCfg = Release|Any CPU
		{38500023-D27C-4326-A6C4-90C0E306D80F}.Release|x64.Build.0 = Release|Any CPU
		{38500023-D27C-4326-A6C4-90C0E306D80F}.Release|x86.ActiveCfg = Release|Any CPU
		{38500023-D27C-4326-A6C4-90C0E306D80F}.Release|x86.Build.0 = Release|Any CPU
		{B5315FDE-10D5-4080-BFEE-2DFF8FAA3894}.Debug|Any CPU.ActiveCfg = Debug|Any CPU
		{B5315FDE-10D5-4080-BFEE-2DFF8FAA3894}.Debug|Any CPU.Build.0 = Debug|Any CPU
		{B5315FDE-10D5-4080-BFEE-2DFF8FAA3894}.Debug|x64.ActiveCfg = Debug|Any CPU
		{B5315FDE-10D5-4080-BFEE-2DFF8FAA3894}.Debug|x64.Build.0 = Debug|Any CPU
		{B5315FDE-10D5-4080-BFEE-2DFF8FAA3894}.Debug|x86.ActiveCfg = Debug|Any CPU
		{B5315FDE-10D5-4080-BFEE-2DFF8FAA3894}.Debug|x86.Build.0 = Debug|Any CPU
		{B5315FDE-10D5-4080-BFEE-2DFF8FAA3894}.Release|Any CPU.ActiveCfg = Release|Any CPU
		{B5315FDE-10D5-4080-BFEE-2DFF8FAA3894}.Release|Any CPU.Build.0 = Release|Any CPU
		{B5315FDE-10D5-4080-BFEE-2DFF8FAA3894}.Release|x64.ActiveCfg = Release|Any CPU
		{B5315FDE-10D5-4080-BFEE-2DFF8FAA3894}.Release|x64.Build.0 = Release|Any CPU
		{B5315FDE-10D5-4080-BFEE-2DFF8FAA3894}.Release|x86.ActiveCfg = Release|Any CPU
		{B5315FDE-10D5-4080-BFEE-2DFF8FAA3894}.Release|x86.Build.0 = Release|Any CPU
	EndGlobalSection
	GlobalSection(SolutionProperties) = preSolution
		HideSolutionNode = FALSE
	EndGlobalSection
	GlobalSection(NestedProjects) = preSolution
		{81034408-37C8-1011-444E-4C15C2FADA8E} = {827E0CD3-B72D-47B6-A68D-7590B98EB39B}
		{06A6A8A8-54C7-4571-BD07-728D1F3287D9} = {81034408-37C8-1011-444E-4C15C2FADA8E}
		{90298CBA-BD6F-3A0A-69D5-97CAD7B05E7E} = {827E0CD3-B72D-47B6-A68D-7590B98EB39B}
		{CD120A41-5B5C-4329-B65A-2C3E514A0FF3} = {90298CBA-BD6F-3A0A-69D5-97CAD7B05E7E}
		{EC447DCF-ABFA-6E24-52A5-D7FD48A5C558} = {827E0CD3-B72D-47B6-A68D-7590B98EB39B}
		{520777B0-A41D-EDFB-3DE7-765D2AFF1566} = {EC447DCF-ABFA-6E24-52A5-D7FD48A5C558}
		{CC933940-3D62-47AB-855F-24BDE1327C41} = {520777B0-A41D-EDFB-3DE7-765D2AFF1566}
		{2B367DA5-8C70-4B3F-9108-6520367E570C} = {520777B0-A41D-EDFB-3DE7-765D2AFF1566}
		{E1D991F3-DE90-4D4F-BDCE-CB7222036B74} = {0AB3BF05-4346-4AA6-1389-037BE0695223}
		{0873D296-7104-4A3C-BB8B-0A946D641076} = {0AB3BF05-4346-4AA6-1389-037BE0695223}
		{9048EB7F-3875-A59E-E36B-5BD4C6F2A282} = {827E0CD3-B72D-47B6-A68D-7590B98EB39B}
		{BE946F67-AE9F-42EF-9F19-24EA1E78A391} = {9048EB7F-3875-A59E-E36B-5BD4C6F2A282}
		{89D755B0-57A4-4796-A366-7B05D6774B5D} = {0AB3BF05-4346-4AA6-1389-037BE0695223}
		{3E5DE2E8-F7D9-42BC-BE26-2A9C2D61C540} = {7266C4A9-E384-DC00-0EB6-47F6002CFBA7}
		{0E47B08E-FF69-49AF-90DA-709B3FDEAF3F} = {9048EB7F-3875-A59E-E36B-5BD4C6F2A282}
		{E64D60F5-5948-427A-A1FC-C9E404C5C62A} = {0AB3BF05-4346-4AA6-1389-037BE0695223}
		{37FC5B9B-80E1-FD49-97A3-5E18FA2B6A20} = {EC447DCF-ABFA-6E24-52A5-D7FD48A5C558}
		{758F44A9-B638-4949-828E-E8CF7AE9AE38} = {37FC5B9B-80E1-FD49-97A3-5E18FA2B6A20}
		{1189D108-0583-4F6B-8E08-93B450AE8D8A} = {37FC5B9B-80E1-FD49-97A3-5E18FA2B6A20}
		{F1FC73C4-433F-ED3E-2C48-99EE0161B43B} = {EC447DCF-ABFA-6E24-52A5-D7FD48A5C558}
		{870014C3-FCA1-4900-8120-5FE787F6FC25} = {F1FC73C4-433F-ED3E-2C48-99EE0161B43B}
		{BB6E440B-72D1-473B-B0B0-A03B6D972885} = {37FC5B9B-80E1-FD49-97A3-5E18FA2B6A20}
		{DCB6FCB8-FF92-AC57-0842-1F72A354D6B1} = {827E0CD3-B72D-47B6-A68D-7590B98EB39B}
		{10FB38BE-D31D-44D4-9CBB-78775460BAC3} = {DCB6FCB8-FF92-AC57-0842-1F72A354D6B1}
		{B7504168-2F66-9EF4-E8D7-36B98062A6F8} = {EC447DCF-ABFA-6E24-52A5-D7FD48A5C558}
		{08A6E70C-2CE4-4A75-81F0-E98252F666F5} = {B7504168-2F66-9EF4-E8D7-36B98062A6F8}
		{5FF01A94-774E-4B0E-AAFA-A3899666B0DF} = {B7504168-2F66-9EF4-E8D7-36B98062A6F8}
		{863CA552-3257-8F6A-A40E-5C0E07FC99AA} = {EC447DCF-ABFA-6E24-52A5-D7FD48A5C558}
		{34BBC1BB-AF44-40C2-B2CB-A6FFEF192E91} = {863CA552-3257-8F6A-A40E-5C0E07FC99AA}
		{32CBD415-B7BF-6D0D-9E06-4E666C657C5B} = {EC447DCF-ABFA-6E24-52A5-D7FD48A5C558}
		{8E02EEBD-D7C6-4324-B122-56F2E49165C5} = {EC447DCF-ABFA-6E24-52A5-D7FD48A5C558}
		{B5315FDE-10D5-4080-BFEE-2DFF8FAA3894} = {8E02EEBD-D7C6-4324-B122-56F2E49165C5}
		{57DE94B8-8ED2-482D-A375-629C256DA228} = {32CBD415-B7BF-6D0D-9E06-4E666C657C5B}
		{33017908-9D5F-4E6F-9DC9-3E88BB4FAA08} = {EC447DCF-ABFA-6E24-52A5-D7FD48A5C558}
		{38500023-D27C-4326-A6C4-90C0E306D80F} = {33017908-9D5F-4E6F-9DC9-3E88BB4FAA08}
	EndGlobalSection
EndGlobal
